// !$*UTF8*$!
{
	archiveVersion = 1;
	classes = {
	};
	objectVersion = 46;
	objects = {

/* Begin PBXBuildFile section */
		1536214D1BE5B73E00ED3D70 /* AudioPostCreationViewController.m in Sources */ = {isa = PBXBuildFile; fileRef = 1536214C1BE5B73E00ED3D70 /* AudioPostCreationViewController.m */; };
		153621FE1BE6A3F600ED3D70 /* DGActivityIndicatorBallBeatAnimation.m in Sources */ = {isa = PBXBuildFile; fileRef = 153621BC1BE6A3F600ED3D70 /* DGActivityIndicatorBallBeatAnimation.m */; };
		153621FF1BE6A3F600ED3D70 /* DGActivityIndicatorBallClipRotateAnimation.m in Sources */ = {isa = PBXBuildFile; fileRef = 153621BE1BE6A3F600ED3D70 /* DGActivityIndicatorBallClipRotateAnimation.m */; };
		153622001BE6A3F600ED3D70 /* DGActivityIndicatorBallClipRotateMultipleAnimation.m in Sources */ = {isa = PBXBuildFile; fileRef = 153621C01BE6A3F600ED3D70 /* DGActivityIndicatorBallClipRotateMultipleAnimation.m */; };
		153622011BE6A3F600ED3D70 /* DGActivityIndicatorBallClipRotatePulseAnimation.m in Sources */ = {isa = PBXBuildFile; fileRef = 153621C21BE6A3F600ED3D70 /* DGActivityIndicatorBallClipRotatePulseAnimation.m */; };
		153622021BE6A3F600ED3D70 /* DGActivityIndicatorBallGridBeatAnimation.m in Sources */ = {isa = PBXBuildFile; fileRef = 153621C41BE6A3F600ED3D70 /* DGActivityIndicatorBallGridBeatAnimation.m */; };
		153622031BE6A3F600ED3D70 /* DGActivityIndicatorBallGridPulseAnimation.m in Sources */ = {isa = PBXBuildFile; fileRef = 153621C61BE6A3F600ED3D70 /* DGActivityIndicatorBallGridPulseAnimation.m */; };
		153622041BE6A3F600ED3D70 /* DGActivityIndicatorBallPulseAnimation.m in Sources */ = {isa = PBXBuildFile; fileRef = 153621C81BE6A3F600ED3D70 /* DGActivityIndicatorBallPulseAnimation.m */; };
		153622051BE6A3F600ED3D70 /* DGActivityIndicatorBallPulseSyncAnimation.m in Sources */ = {isa = PBXBuildFile; fileRef = 153621CA1BE6A3F600ED3D70 /* DGActivityIndicatorBallPulseSyncAnimation.m */; };
		153622061BE6A3F600ED3D70 /* DGActivityIndicatorBallRotateAnimation.m in Sources */ = {isa = PBXBuildFile; fileRef = 153621CC1BE6A3F600ED3D70 /* DGActivityIndicatorBallRotateAnimation.m */; };
		153622071BE6A3F600ED3D70 /* DGActivityIndicatorBallScaleAnimation.m in Sources */ = {isa = PBXBuildFile; fileRef = 153621CE1BE6A3F600ED3D70 /* DGActivityIndicatorBallScaleAnimation.m */; };
		153622081BE6A3F600ED3D70 /* DGActivityIndicatorBallScaleMultipleAnimation.m in Sources */ = {isa = PBXBuildFile; fileRef = 153621D01BE6A3F600ED3D70 /* DGActivityIndicatorBallScaleMultipleAnimation.m */; };
		153622091BE6A3F600ED3D70 /* DGActivityIndicatorBallScaleRippleAnimation.m in Sources */ = {isa = PBXBuildFile; fileRef = 153621D21BE6A3F600ED3D70 /* DGActivityIndicatorBallScaleRippleAnimation.m */; };
		1536220A1BE6A3F600ED3D70 /* DGActivityIndicatorBallScaleRippleMultipleAnimation.m in Sources */ = {isa = PBXBuildFile; fileRef = 153621D41BE6A3F600ED3D70 /* DGActivityIndicatorBallScaleRippleMultipleAnimation.m */; };
		1536220B1BE6A3F600ED3D70 /* DGActivityIndicatorBallTrianglePathAnimation.m in Sources */ = {isa = PBXBuildFile; fileRef = 153621D61BE6A3F600ED3D70 /* DGActivityIndicatorBallTrianglePathAnimation.m */; };
		1536220C1BE6A3F600ED3D70 /* DGActivityIndicatorBallZigZagAnimation.m in Sources */ = {isa = PBXBuildFile; fileRef = 153621D81BE6A3F600ED3D70 /* DGActivityIndicatorBallZigZagAnimation.m */; };
		1536220D1BE6A3F600ED3D70 /* DGActivityIndicatorBallZigZagDeflectAnimation.m in Sources */ = {isa = PBXBuildFile; fileRef = 153621DA1BE6A3F600ED3D70 /* DGActivityIndicatorBallZigZagDeflectAnimation.m */; };
		1536220E1BE6A3F600ED3D70 /* DGActivityIndicatorCookieTerminatorAnimation.m in Sources */ = {isa = PBXBuildFile; fileRef = 153621DC1BE6A3F600ED3D70 /* DGActivityIndicatorCookieTerminatorAnimation.m */; };
		1536220F1BE6A3F600ED3D70 /* DGActivityIndicatorDoubleBounceAnimation.m in Sources */ = {isa = PBXBuildFile; fileRef = 153621DE1BE6A3F600ED3D70 /* DGActivityIndicatorDoubleBounceAnimation.m */; };
		153622101BE6A3F600ED3D70 /* DGActivityIndicatorFiveDotsAnimation.m in Sources */ = {isa = PBXBuildFile; fileRef = 153621E01BE6A3F600ED3D70 /* DGActivityIndicatorFiveDotsAnimation.m */; };
		153622111BE6A3F600ED3D70 /* DGActivityIndicatorLineScaleAnimation.m in Sources */ = {isa = PBXBuildFile; fileRef = 153621E21BE6A3F600ED3D70 /* DGActivityIndicatorLineScaleAnimation.m */; };
		153622121BE6A3F600ED3D70 /* DGActivityIndicatorLineScalePartyAnimation.m in Sources */ = {isa = PBXBuildFile; fileRef = 153621E41BE6A3F600ED3D70 /* DGActivityIndicatorLineScalePartyAnimation.m */; };
		153622131BE6A3F600ED3D70 /* DGActivityIndicatorLineScalePulseOutAnimation.m in Sources */ = {isa = PBXBuildFile; fileRef = 153621E61BE6A3F600ED3D70 /* DGActivityIndicatorLineScalePulseOutAnimation.m */; };
		153622141BE6A3F600ED3D70 /* DGActivityIndicatorLineScalePulseOutRapidAnimation.m in Sources */ = {isa = PBXBuildFile; fileRef = 153621E81BE6A3F600ED3D70 /* DGActivityIndicatorLineScalePulseOutRapidAnimation.m */; };
		153622151BE6A3F600ED3D70 /* DGActivityIndicatorNineDotsAnimation.m in Sources */ = {isa = PBXBuildFile; fileRef = 153621EA1BE6A3F600ED3D70 /* DGActivityIndicatorNineDotsAnimation.m */; };
		153622161BE6A3F600ED3D70 /* DGActivityIndicatorRotatingSandglassAnimation.m in Sources */ = {isa = PBXBuildFile; fileRef = 153621EC1BE6A3F600ED3D70 /* DGActivityIndicatorRotatingSandglassAnimation.m */; };
		153622171BE6A3F600ED3D70 /* DGActivityIndicatorRotatingSquaresAnimation.m in Sources */ = {isa = PBXBuildFile; fileRef = 153621EE1BE6A3F600ED3D70 /* DGActivityIndicatorRotatingSquaresAnimation.m */; };
		153622181BE6A3F600ED3D70 /* DGActivityIndicatorRotatingTrigonAnimation.m in Sources */ = {isa = PBXBuildFile; fileRef = 153621F01BE6A3F600ED3D70 /* DGActivityIndicatorRotatingTrigonAnimation.m */; };
		153622191BE6A3F600ED3D70 /* DGActivityIndicatorThreeDotsAnimation.m in Sources */ = {isa = PBXBuildFile; fileRef = 153621F21BE6A3F600ED3D70 /* DGActivityIndicatorThreeDotsAnimation.m */; };
		1536221A1BE6A3F600ED3D70 /* DGActivityIndicatorTriangleSkewSpinAnimation.m in Sources */ = {isa = PBXBuildFile; fileRef = 153621F41BE6A3F600ED3D70 /* DGActivityIndicatorTriangleSkewSpinAnimation.m */; };
		1536221B1BE6A3F600ED3D70 /* DGActivityIndicatorTriplePulseAnimation.m in Sources */ = {isa = PBXBuildFile; fileRef = 153621F61BE6A3F600ED3D70 /* DGActivityIndicatorTriplePulseAnimation.m */; };
		1536221C1BE6A3F600ED3D70 /* DGActivityIndicatorTripleRingsAnimation.m in Sources */ = {isa = PBXBuildFile; fileRef = 153621F81BE6A3F600ED3D70 /* DGActivityIndicatorTripleRingsAnimation.m */; };
		1536221D1BE6A3F600ED3D70 /* DGActivityIndicatorTwoDotsAnimation.m in Sources */ = {isa = PBXBuildFile; fileRef = 153621FA1BE6A3F600ED3D70 /* DGActivityIndicatorTwoDotsAnimation.m */; };
		1536221E1BE6A3F600ED3D70 /* DGActivityIndicatorView.m in Sources */ = {isa = PBXBuildFile; fileRef = 153621FD1BE6A3F600ED3D70 /* DGActivityIndicatorView.m */; };
		153622211BE6A69000ED3D70 /* ShareViewController.m in Sources */ = {isa = PBXBuildFile; fileRef = 153622201BE6A69000ED3D70 /* ShareViewController.m */; };
		227B5950C44DAAB03FDED46F /* libPods.a in Frameworks */ = {isa = PBXBuildFile; fileRef = 78D156BD9D23EF12B29F93FB /* libPods.a */; };
		45023A531BE59D9500A776D8 /* TextPostCreationViewController.m in Sources */ = {isa = PBXBuildFile; fileRef = 45023A521BE59D9500A776D8 /* TextPostCreationViewController.m */; };
		45E1334E1BE53EBF00A18C44 /* TabBarViewController.m in Sources */ = {isa = PBXBuildFile; fileRef = 45E1334D1BE53EBF00A18C44 /* TabBarViewController.m */; };
		848D73CC1BE53BE8009325C5 /* AppDelegate.m in Sources */ = {isa = PBXBuildFile; fileRef = C7E92E391BE51F580097412F /* AppDelegate.m */; };
		848D73CF1BE53E6D009325C5 /* TabBarController.m in Sources */ = {isa = PBXBuildFile; fileRef = 848D73CE1BE53E6D009325C5 /* TabBarController.m */; };
		848D73DD1BE58886009325C5 /* Main.storyboard in Resources */ = {isa = PBXBuildFile; fileRef = 848D73DB1BE58886009325C5 /* Main.storyboard */; };
		848D73E41BE5A430009325C5 /* AllFeeds.m in Sources */ = {isa = PBXBuildFile; fileRef = 848D73E31BE5A430009325C5 /* AllFeeds.m */; };
		848D742C1BE5C7D0009325C5 /* FeedsViewController.m in Sources */ = {isa = PBXBuildFile; fileRef = 848D742B1BE5C7D0009325C5 /* FeedsViewController.m */; };
		848D742E1BE6554E009325C5 /* FeedsCell.xib in Resources */ = {isa = PBXBuildFile; fileRef = 848D742D1BE6554E009325C5 /* FeedsCell.xib */; };
		848D74311BE655A3009325C5 /* FeedsTableViewCell.m in Sources */ = {isa = PBXBuildFile; fileRef = 848D74301BE655A3009325C5 /* FeedsTableViewCell.m */; };
		C765CF4D1BE59FEE0048A36B /* MobileCoreServices.framework in Frameworks */ = {isa = PBXBuildFile; fileRef = C765CF4C1BE59FEE0048A36B /* MobileCoreServices.framework */; };
		C765CF511BE5A48B0048A36B /* NSURL+ImageGenerator.m in Sources */ = {isa = PBXBuildFile; fileRef = C765CF501BE5A48B0048A36B /* NSURL+ImageGenerator.m */; };
		C765CF541BE5B92B0048A36B /* Post.m in Sources */ = {isa = PBXBuildFile; fileRef = C765CF531BE5B92B0048A36B /* Post.m */; };
		C765CF5A1BE5C26B0048A36B /* VideoDetailViewController.m in Sources */ = {isa = PBXBuildFile; fileRef = C765CF591BE5C26B0048A36B /* VideoDetailViewController.m */; };
		C765CF5D1BE6541B0048A36B /* FeedData.m in Sources */ = {isa = PBXBuildFile; fileRef = C765CF5C1BE6541B0048A36B /* FeedData.m */; };
		C765CF601BE677C00048A36B /* KeepCalm-Medium.ttf in Resources */ = {isa = PBXBuildFile; fileRef = C765CF5F1BE677C00048A36B /* KeepCalm-Medium.ttf */; };
		C765CF621BE677C90048A36B /* Porter Bold.ttf in Resources */ = {isa = PBXBuildFile; fileRef = C765CF611BE677C90048A36B /* Porter Bold.ttf */; };
		C7E92E371BE51F580097412F /* main.m in Sources */ = {isa = PBXBuildFile; fileRef = C7E92E361BE51F580097412F /* main.m */; };
		C7E92E431BE51F580097412F /* WIT.xcdatamodeld in Sources */ = {isa = PBXBuildFile; fileRef = C7E92E411BE51F580097412F /* WIT.xcdatamodeld */; };
		C7E92E451BE51F580097412F /* Assets.xcassets in Resources */ = {isa = PBXBuildFile; fileRef = C7E92E441BE51F580097412F /* Assets.xcassets */; };
		C7E92E481BE51F580097412F /* LaunchScreen.storyboard in Resources */ = {isa = PBXBuildFile; fileRef = C7E92E461BE51F580097412F /* LaunchScreen.storyboard */; };
		C7E92E531BE51F580097412F /* WITTests.m in Sources */ = {isa = PBXBuildFile; fileRef = C7E92E521BE51F580097412F /* WITTests.m */; };
		C7E92E5E1BE51F590097412F /* WITUITests.m in Sources */ = {isa = PBXBuildFile; fileRef = C7E92E5D1BE51F590097412F /* WITUITests.m */; };
		C7E92E7B1BE57D200097412F /* Media.m in Sources */ = {isa = PBXBuildFile; fileRef = C7E92E7A1BE57D200097412F /* Media.m */; };
		C7E92E7F1BE58DE40097412F /* VideoPostCreationViewController.m in Sources */ = {isa = PBXBuildFile; fileRef = C7E92E7E1BE58DE40097412F /* VideoPostCreationViewController.m */; };
		C7E92E811BE598790097412F /* AVFoundation.framework in Frameworks */ = {isa = PBXBuildFile; fileRef = C7E92E801BE598780097412F /* AVFoundation.framework */; };
/* End PBXBuildFile section */

/* Begin PBXContainerItemProxy section */
		C7E92E4F1BE51F580097412F /* PBXContainerItemProxy */ = {
			isa = PBXContainerItemProxy;
			containerPortal = C7E92E2A1BE51F570097412F /* Project object */;
			proxyType = 1;
			remoteGlobalIDString = C7E92E311BE51F580097412F;
			remoteInfo = WIT;
		};
		C7E92E5A1BE51F590097412F /* PBXContainerItemProxy */ = {
			isa = PBXContainerItemProxy;
			containerPortal = C7E92E2A1BE51F570097412F /* Project object */;
			proxyType = 1;
			remoteGlobalIDString = C7E92E311BE51F580097412F;
			remoteInfo = WIT;
		};
/* End PBXContainerItemProxy section */

/* Begin PBXFileReference section */
		1536214B1BE5B73E00ED3D70 /* AudioPostCreationViewController.h */ = {isa = PBXFileReference; fileEncoding = 4; lastKnownFileType = sourcecode.c.h; path = AudioPostCreationViewController.h; sourceTree = "<group>"; };
		1536214C1BE5B73E00ED3D70 /* AudioPostCreationViewController.m */ = {isa = PBXFileReference; fileEncoding = 4; lastKnownFileType = sourcecode.c.objc; path = AudioPostCreationViewController.m; sourceTree = "<group>"; };
		153621BB1BE6A3F600ED3D70 /* DGActivityIndicatorBallBeatAnimation.h */ = {isa = PBXFileReference; fileEncoding = 4; lastKnownFileType = sourcecode.c.h; path = DGActivityIndicatorBallBeatAnimation.h; sourceTree = "<group>"; };
		153621BC1BE6A3F600ED3D70 /* DGActivityIndicatorBallBeatAnimation.m */ = {isa = PBXFileReference; fileEncoding = 4; lastKnownFileType = sourcecode.c.objc; path = DGActivityIndicatorBallBeatAnimation.m; sourceTree = "<group>"; };
		153621BD1BE6A3F600ED3D70 /* DGActivityIndicatorBallClipRotateAnimation.h */ = {isa = PBXFileReference; fileEncoding = 4; lastKnownFileType = sourcecode.c.h; path = DGActivityIndicatorBallClipRotateAnimation.h; sourceTree = "<group>"; };
		153621BE1BE6A3F600ED3D70 /* DGActivityIndicatorBallClipRotateAnimation.m */ = {isa = PBXFileReference; fileEncoding = 4; lastKnownFileType = sourcecode.c.objc; path = DGActivityIndicatorBallClipRotateAnimation.m; sourceTree = "<group>"; };
		153621BF1BE6A3F600ED3D70 /* DGActivityIndicatorBallClipRotateMultipleAnimation.h */ = {isa = PBXFileReference; fileEncoding = 4; lastKnownFileType = sourcecode.c.h; path = DGActivityIndicatorBallClipRotateMultipleAnimation.h; sourceTree = "<group>"; };
		153621C01BE6A3F600ED3D70 /* DGActivityIndicatorBallClipRotateMultipleAnimation.m */ = {isa = PBXFileReference; fileEncoding = 4; lastKnownFileType = sourcecode.c.objc; path = DGActivityIndicatorBallClipRotateMultipleAnimation.m; sourceTree = "<group>"; };
		153621C11BE6A3F600ED3D70 /* DGActivityIndicatorBallClipRotatePulseAnimation.h */ = {isa = PBXFileReference; fileEncoding = 4; lastKnownFileType = sourcecode.c.h; path = DGActivityIndicatorBallClipRotatePulseAnimation.h; sourceTree = "<group>"; };
		153621C21BE6A3F600ED3D70 /* DGActivityIndicatorBallClipRotatePulseAnimation.m */ = {isa = PBXFileReference; fileEncoding = 4; lastKnownFileType = sourcecode.c.objc; path = DGActivityIndicatorBallClipRotatePulseAnimation.m; sourceTree = "<group>"; };
		153621C31BE6A3F600ED3D70 /* DGActivityIndicatorBallGridBeatAnimation.h */ = {isa = PBXFileReference; fileEncoding = 4; lastKnownFileType = sourcecode.c.h; path = DGActivityIndicatorBallGridBeatAnimation.h; sourceTree = "<group>"; };
		153621C41BE6A3F600ED3D70 /* DGActivityIndicatorBallGridBeatAnimation.m */ = {isa = PBXFileReference; fileEncoding = 4; lastKnownFileType = sourcecode.c.objc; path = DGActivityIndicatorBallGridBeatAnimation.m; sourceTree = "<group>"; };
		153621C51BE6A3F600ED3D70 /* DGActivityIndicatorBallGridPulseAnimation.h */ = {isa = PBXFileReference; fileEncoding = 4; lastKnownFileType = sourcecode.c.h; path = DGActivityIndicatorBallGridPulseAnimation.h; sourceTree = "<group>"; };
		153621C61BE6A3F600ED3D70 /* DGActivityIndicatorBallGridPulseAnimation.m */ = {isa = PBXFileReference; fileEncoding = 4; lastKnownFileType = sourcecode.c.objc; path = DGActivityIndicatorBallGridPulseAnimation.m; sourceTree = "<group>"; };
		153621C71BE6A3F600ED3D70 /* DGActivityIndicatorBallPulseAnimation.h */ = {isa = PBXFileReference; fileEncoding = 4; lastKnownFileType = sourcecode.c.h; path = DGActivityIndicatorBallPulseAnimation.h; sourceTree = "<group>"; };
		153621C81BE6A3F600ED3D70 /* DGActivityIndicatorBallPulseAnimation.m */ = {isa = PBXFileReference; fileEncoding = 4; lastKnownFileType = sourcecode.c.objc; path = DGActivityIndicatorBallPulseAnimation.m; sourceTree = "<group>"; };
		153621C91BE6A3F600ED3D70 /* DGActivityIndicatorBallPulseSyncAnimation.h */ = {isa = PBXFileReference; fileEncoding = 4; lastKnownFileType = sourcecode.c.h; path = DGActivityIndicatorBallPulseSyncAnimation.h; sourceTree = "<group>"; };
		153621CA1BE6A3F600ED3D70 /* DGActivityIndicatorBallPulseSyncAnimation.m */ = {isa = PBXFileReference; fileEncoding = 4; lastKnownFileType = sourcecode.c.objc; path = DGActivityIndicatorBallPulseSyncAnimation.m; sourceTree = "<group>"; };
		153621CB1BE6A3F600ED3D70 /* DGActivityIndicatorBallRotateAnimation.h */ = {isa = PBXFileReference; fileEncoding = 4; lastKnownFileType = sourcecode.c.h; path = DGActivityIndicatorBallRotateAnimation.h; sourceTree = "<group>"; };
		153621CC1BE6A3F600ED3D70 /* DGActivityIndicatorBallRotateAnimation.m */ = {isa = PBXFileReference; fileEncoding = 4; lastKnownFileType = sourcecode.c.objc; path = DGActivityIndicatorBallRotateAnimation.m; sourceTree = "<group>"; };
		153621CD1BE6A3F600ED3D70 /* DGActivityIndicatorBallScaleAnimation.h */ = {isa = PBXFileReference; fileEncoding = 4; lastKnownFileType = sourcecode.c.h; path = DGActivityIndicatorBallScaleAnimation.h; sourceTree = "<group>"; };
		153621CE1BE6A3F600ED3D70 /* DGActivityIndicatorBallScaleAnimation.m */ = {isa = PBXFileReference; fileEncoding = 4; lastKnownFileType = sourcecode.c.objc; path = DGActivityIndicatorBallScaleAnimation.m; sourceTree = "<group>"; };
		153621CF1BE6A3F600ED3D70 /* DGActivityIndicatorBallScaleMultipleAnimation.h */ = {isa = PBXFileReference; fileEncoding = 4; lastKnownFileType = sourcecode.c.h; path = DGActivityIndicatorBallScaleMultipleAnimation.h; sourceTree = "<group>"; };
		153621D01BE6A3F600ED3D70 /* DGActivityIndicatorBallScaleMultipleAnimation.m */ = {isa = PBXFileReference; fileEncoding = 4; lastKnownFileType = sourcecode.c.objc; path = DGActivityIndicatorBallScaleMultipleAnimation.m; sourceTree = "<group>"; };
		153621D11BE6A3F600ED3D70 /* DGActivityIndicatorBallScaleRippleAnimation.h */ = {isa = PBXFileReference; fileEncoding = 4; lastKnownFileType = sourcecode.c.h; path = DGActivityIndicatorBallScaleRippleAnimation.h; sourceTree = "<group>"; };
		153621D21BE6A3F600ED3D70 /* DGActivityIndicatorBallScaleRippleAnimation.m */ = {isa = PBXFileReference; fileEncoding = 4; lastKnownFileType = sourcecode.c.objc; path = DGActivityIndicatorBallScaleRippleAnimation.m; sourceTree = "<group>"; };
		153621D31BE6A3F600ED3D70 /* DGActivityIndicatorBallScaleRippleMultipleAnimation.h */ = {isa = PBXFileReference; fileEncoding = 4; lastKnownFileType = sourcecode.c.h; path = DGActivityIndicatorBallScaleRippleMultipleAnimation.h; sourceTree = "<group>"; };
		153621D41BE6A3F600ED3D70 /* DGActivityIndicatorBallScaleRippleMultipleAnimation.m */ = {isa = PBXFileReference; fileEncoding = 4; lastKnownFileType = sourcecode.c.objc; path = DGActivityIndicatorBallScaleRippleMultipleAnimation.m; sourceTree = "<group>"; };
		153621D51BE6A3F600ED3D70 /* DGActivityIndicatorBallTrianglePathAnimation.h */ = {isa = PBXFileReference; fileEncoding = 4; lastKnownFileType = sourcecode.c.h; path = DGActivityIndicatorBallTrianglePathAnimation.h; sourceTree = "<group>"; };
		153621D61BE6A3F600ED3D70 /* DGActivityIndicatorBallTrianglePathAnimation.m */ = {isa = PBXFileReference; fileEncoding = 4; lastKnownFileType = sourcecode.c.objc; path = DGActivityIndicatorBallTrianglePathAnimation.m; sourceTree = "<group>"; };
		153621D71BE6A3F600ED3D70 /* DGActivityIndicatorBallZigZagAnimation.h */ = {isa = PBXFileReference; fileEncoding = 4; lastKnownFileType = sourcecode.c.h; path = DGActivityIndicatorBallZigZagAnimation.h; sourceTree = "<group>"; };
		153621D81BE6A3F600ED3D70 /* DGActivityIndicatorBallZigZagAnimation.m */ = {isa = PBXFileReference; fileEncoding = 4; lastKnownFileType = sourcecode.c.objc; path = DGActivityIndicatorBallZigZagAnimation.m; sourceTree = "<group>"; };
		153621D91BE6A3F600ED3D70 /* DGActivityIndicatorBallZigZagDeflectAnimation.h */ = {isa = PBXFileReference; fileEncoding = 4; lastKnownFileType = sourcecode.c.h; path = DGActivityIndicatorBallZigZagDeflectAnimation.h; sourceTree = "<group>"; };
		153621DA1BE6A3F600ED3D70 /* DGActivityIndicatorBallZigZagDeflectAnimation.m */ = {isa = PBXFileReference; fileEncoding = 4; lastKnownFileType = sourcecode.c.objc; path = DGActivityIndicatorBallZigZagDeflectAnimation.m; sourceTree = "<group>"; };
		153621DB1BE6A3F600ED3D70 /* DGActivityIndicatorCookieTerminatorAnimation.h */ = {isa = PBXFileReference; fileEncoding = 4; lastKnownFileType = sourcecode.c.h; path = DGActivityIndicatorCookieTerminatorAnimation.h; sourceTree = "<group>"; };
		153621DC1BE6A3F600ED3D70 /* DGActivityIndicatorCookieTerminatorAnimation.m */ = {isa = PBXFileReference; fileEncoding = 4; lastKnownFileType = sourcecode.c.objc; path = DGActivityIndicatorCookieTerminatorAnimation.m; sourceTree = "<group>"; };
		153621DD1BE6A3F600ED3D70 /* DGActivityIndicatorDoubleBounceAnimation.h */ = {isa = PBXFileReference; fileEncoding = 4; lastKnownFileType = sourcecode.c.h; path = DGActivityIndicatorDoubleBounceAnimation.h; sourceTree = "<group>"; };
		153621DE1BE6A3F600ED3D70 /* DGActivityIndicatorDoubleBounceAnimation.m */ = {isa = PBXFileReference; fileEncoding = 4; lastKnownFileType = sourcecode.c.objc; path = DGActivityIndicatorDoubleBounceAnimation.m; sourceTree = "<group>"; };
		153621DF1BE6A3F600ED3D70 /* DGActivityIndicatorFiveDotsAnimation.h */ = {isa = PBXFileReference; fileEncoding = 4; lastKnownFileType = sourcecode.c.h; path = DGActivityIndicatorFiveDotsAnimation.h; sourceTree = "<group>"; };
		153621E01BE6A3F600ED3D70 /* DGActivityIndicatorFiveDotsAnimation.m */ = {isa = PBXFileReference; fileEncoding = 4; lastKnownFileType = sourcecode.c.objc; path = DGActivityIndicatorFiveDotsAnimation.m; sourceTree = "<group>"; };
		153621E11BE6A3F600ED3D70 /* DGActivityIndicatorLineScaleAnimation.h */ = {isa = PBXFileReference; fileEncoding = 4; lastKnownFileType = sourcecode.c.h; path = DGActivityIndicatorLineScaleAnimation.h; sourceTree = "<group>"; };
		153621E21BE6A3F600ED3D70 /* DGActivityIndicatorLineScaleAnimation.m */ = {isa = PBXFileReference; fileEncoding = 4; lastKnownFileType = sourcecode.c.objc; path = DGActivityIndicatorLineScaleAnimation.m; sourceTree = "<group>"; };
		153621E31BE6A3F600ED3D70 /* DGActivityIndicatorLineScalePartyAnimation.h */ = {isa = PBXFileReference; fileEncoding = 4; lastKnownFileType = sourcecode.c.h; path = DGActivityIndicatorLineScalePartyAnimation.h; sourceTree = "<group>"; };
		153621E41BE6A3F600ED3D70 /* DGActivityIndicatorLineScalePartyAnimation.m */ = {isa = PBXFileReference; fileEncoding = 4; lastKnownFileType = sourcecode.c.objc; path = DGActivityIndicatorLineScalePartyAnimation.m; sourceTree = "<group>"; };
		153621E51BE6A3F600ED3D70 /* DGActivityIndicatorLineScalePulseOutAnimation.h */ = {isa = PBXFileReference; fileEncoding = 4; lastKnownFileType = sourcecode.c.h; path = DGActivityIndicatorLineScalePulseOutAnimation.h; sourceTree = "<group>"; };
		153621E61BE6A3F600ED3D70 /* DGActivityIndicatorLineScalePulseOutAnimation.m */ = {isa = PBXFileReference; fileEncoding = 4; lastKnownFileType = sourcecode.c.objc; path = DGActivityIndicatorLineScalePulseOutAnimation.m; sourceTree = "<group>"; };
		153621E71BE6A3F600ED3D70 /* DGActivityIndicatorLineScalePulseOutRapidAnimation.h */ = {isa = PBXFileReference; fileEncoding = 4; lastKnownFileType = sourcecode.c.h; path = DGActivityIndicatorLineScalePulseOutRapidAnimation.h; sourceTree = "<group>"; };
		153621E81BE6A3F600ED3D70 /* DGActivityIndicatorLineScalePulseOutRapidAnimation.m */ = {isa = PBXFileReference; fileEncoding = 4; lastKnownFileType = sourcecode.c.objc; path = DGActivityIndicatorLineScalePulseOutRapidAnimation.m; sourceTree = "<group>"; };
		153621E91BE6A3F600ED3D70 /* DGActivityIndicatorNineDotsAnimation.h */ = {isa = PBXFileReference; fileEncoding = 4; lastKnownFileType = sourcecode.c.h; path = DGActivityIndicatorNineDotsAnimation.h; sourceTree = "<group>"; };
		153621EA1BE6A3F600ED3D70 /* DGActivityIndicatorNineDotsAnimation.m */ = {isa = PBXFileReference; fileEncoding = 4; lastKnownFileType = sourcecode.c.objc; path = DGActivityIndicatorNineDotsAnimation.m; sourceTree = "<group>"; };
		153621EB1BE6A3F600ED3D70 /* DGActivityIndicatorRotatingSandglassAnimation.h */ = {isa = PBXFileReference; fileEncoding = 4; lastKnownFileType = sourcecode.c.h; path = DGActivityIndicatorRotatingSandglassAnimation.h; sourceTree = "<group>"; };
		153621EC1BE6A3F600ED3D70 /* DGActivityIndicatorRotatingSandglassAnimation.m */ = {isa = PBXFileReference; fileEncoding = 4; lastKnownFileType = sourcecode.c.objc; path = DGActivityIndicatorRotatingSandglassAnimation.m; sourceTree = "<group>"; };
		153621ED1BE6A3F600ED3D70 /* DGActivityIndicatorRotatingSquaresAnimation.h */ = {isa = PBXFileReference; fileEncoding = 4; lastKnownFileType = sourcecode.c.h; path = DGActivityIndicatorRotatingSquaresAnimation.h; sourceTree = "<group>"; };
		153621EE1BE6A3F600ED3D70 /* DGActivityIndicatorRotatingSquaresAnimation.m */ = {isa = PBXFileReference; fileEncoding = 4; lastKnownFileType = sourcecode.c.objc; path = DGActivityIndicatorRotatingSquaresAnimation.m; sourceTree = "<group>"; };
		153621EF1BE6A3F600ED3D70 /* DGActivityIndicatorRotatingTrigonAnimation.h */ = {isa = PBXFileReference; fileEncoding = 4; lastKnownFileType = sourcecode.c.h; path = DGActivityIndicatorRotatingTrigonAnimation.h; sourceTree = "<group>"; };
		153621F01BE6A3F600ED3D70 /* DGActivityIndicatorRotatingTrigonAnimation.m */ = {isa = PBXFileReference; fileEncoding = 4; lastKnownFileType = sourcecode.c.objc; path = DGActivityIndicatorRotatingTrigonAnimation.m; sourceTree = "<group>"; };
		153621F11BE6A3F600ED3D70 /* DGActivityIndicatorThreeDotsAnimation.h */ = {isa = PBXFileReference; fileEncoding = 4; lastKnownFileType = sourcecode.c.h; path = DGActivityIndicatorThreeDotsAnimation.h; sourceTree = "<group>"; };
		153621F21BE6A3F600ED3D70 /* DGActivityIndicatorThreeDotsAnimation.m */ = {isa = PBXFileReference; fileEncoding = 4; lastKnownFileType = sourcecode.c.objc; path = DGActivityIndicatorThreeDotsAnimation.m; sourceTree = "<group>"; };
		153621F31BE6A3F600ED3D70 /* DGActivityIndicatorTriangleSkewSpinAnimation.h */ = {isa = PBXFileReference; fileEncoding = 4; lastKnownFileType = sourcecode.c.h; path = DGActivityIndicatorTriangleSkewSpinAnimation.h; sourceTree = "<group>"; };
		153621F41BE6A3F600ED3D70 /* DGActivityIndicatorTriangleSkewSpinAnimation.m */ = {isa = PBXFileReference; fileEncoding = 4; lastKnownFileType = sourcecode.c.objc; path = DGActivityIndicatorTriangleSkewSpinAnimation.m; sourceTree = "<group>"; };
		153621F51BE6A3F600ED3D70 /* DGActivityIndicatorTriplePulseAnimation.h */ = {isa = PBXFileReference; fileEncoding = 4; lastKnownFileType = sourcecode.c.h; path = DGActivityIndicatorTriplePulseAnimation.h; sourceTree = "<group>"; };
		153621F61BE6A3F600ED3D70 /* DGActivityIndicatorTriplePulseAnimation.m */ = {isa = PBXFileReference; fileEncoding = 4; lastKnownFileType = sourcecode.c.objc; path = DGActivityIndicatorTriplePulseAnimation.m; sourceTree = "<group>"; };
		153621F71BE6A3F600ED3D70 /* DGActivityIndicatorTripleRingsAnimation.h */ = {isa = PBXFileReference; fileEncoding = 4; lastKnownFileType = sourcecode.c.h; path = DGActivityIndicatorTripleRingsAnimation.h; sourceTree = "<group>"; };
		153621F81BE6A3F600ED3D70 /* DGActivityIndicatorTripleRingsAnimation.m */ = {isa = PBXFileReference; fileEncoding = 4; lastKnownFileType = sourcecode.c.objc; path = DGActivityIndicatorTripleRingsAnimation.m; sourceTree = "<group>"; };
		153621F91BE6A3F600ED3D70 /* DGActivityIndicatorTwoDotsAnimation.h */ = {isa = PBXFileReference; fileEncoding = 4; lastKnownFileType = sourcecode.c.h; path = DGActivityIndicatorTwoDotsAnimation.h; sourceTree = "<group>"; };
		153621FA1BE6A3F600ED3D70 /* DGActivityIndicatorTwoDotsAnimation.m */ = {isa = PBXFileReference; fileEncoding = 4; lastKnownFileType = sourcecode.c.objc; path = DGActivityIndicatorTwoDotsAnimation.m; sourceTree = "<group>"; };
		153621FB1BE6A3F600ED3D70 /* DGActivityIndicatorAnimationProtocol.h */ = {isa = PBXFileReference; fileEncoding = 4; lastKnownFileType = sourcecode.c.h; path = DGActivityIndicatorAnimationProtocol.h; sourceTree = "<group>"; };
		153621FC1BE6A3F600ED3D70 /* DGActivityIndicatorView.h */ = {isa = PBXFileReference; fileEncoding = 4; lastKnownFileType = sourcecode.c.h; path = DGActivityIndicatorView.h; sourceTree = "<group>"; };
		153621FD1BE6A3F600ED3D70 /* DGActivityIndicatorView.m */ = {isa = PBXFileReference; fileEncoding = 4; lastKnownFileType = sourcecode.c.objc; path = DGActivityIndicatorView.m; sourceTree = "<group>"; };
		1536221F1BE6A69000ED3D70 /* ShareViewController.h */ = {isa = PBXFileReference; fileEncoding = 4; lastKnownFileType = sourcecode.c.h; path = ShareViewController.h; sourceTree = "<group>"; };
		153622201BE6A69000ED3D70 /* ShareViewController.m */ = {isa = PBXFileReference; fileEncoding = 4; lastKnownFileType = sourcecode.c.objc; path = ShareViewController.m; sourceTree = "<group>"; };
		45023A511BE59D9500A776D8 /* TextPostCreationViewController.h */ = {isa = PBXFileReference; fileEncoding = 4; lastKnownFileType = sourcecode.c.h; path = TextPostCreationViewController.h; sourceTree = "<group>"; };
		45023A521BE59D9500A776D8 /* TextPostCreationViewController.m */ = {isa = PBXFileReference; fileEncoding = 4; lastKnownFileType = sourcecode.c.objc; path = TextPostCreationViewController.m; sourceTree = "<group>"; };
		45E1334C1BE53EBF00A18C44 /* TabBarViewController.h */ = {isa = PBXFileReference; fileEncoding = 4; lastKnownFileType = sourcecode.c.h; path = TabBarViewController.h; sourceTree = "<group>"; };
		45E1334D1BE53EBF00A18C44 /* TabBarViewController.m */ = {isa = PBXFileReference; fileEncoding = 4; lastKnownFileType = sourcecode.c.objc; path = TabBarViewController.m; sourceTree = "<group>"; };
		78D156BD9D23EF12B29F93FB /* libPods.a */ = {isa = PBXFileReference; explicitFileType = archive.ar; includeInIndex = 0; path = libPods.a; sourceTree = BUILT_PRODUCTS_DIR; };
		848D73CD1BE53E6C009325C5 /* TabBarController.h */ = {isa = PBXFileReference; fileEncoding = 4; lastKnownFileType = sourcecode.c.h; path = TabBarController.h; sourceTree = "<group>"; };
		848D73CE1BE53E6D009325C5 /* TabBarController.m */ = {isa = PBXFileReference; fileEncoding = 4; lastKnownFileType = sourcecode.c.objc; path = TabBarController.m; sourceTree = "<group>"; };
		848D73DC1BE58886009325C5 /* Base */ = {isa = PBXFileReference; lastKnownFileType = file.storyboard; name = Base; path = Base.lproj/Main.storyboard; sourceTree = "<group>"; };
		848D73E21BE5A430009325C5 /* AllFeeds.h */ = {isa = PBXFileReference; fileEncoding = 4; lastKnownFileType = sourcecode.c.h; path = AllFeeds.h; sourceTree = "<group>"; };
		848D73E31BE5A430009325C5 /* AllFeeds.m */ = {isa = PBXFileReference; fileEncoding = 4; lastKnownFileType = sourcecode.c.objc; path = AllFeeds.m; sourceTree = "<group>"; };
		848D742A1BE5C7D0009325C5 /* FeedsViewController.h */ = {isa = PBXFileReference; fileEncoding = 4; lastKnownFileType = sourcecode.c.h; path = FeedsViewController.h; sourceTree = "<group>"; };
		848D742B1BE5C7D0009325C5 /* FeedsViewController.m */ = {isa = PBXFileReference; fileEncoding = 4; lastKnownFileType = sourcecode.c.objc; path = FeedsViewController.m; sourceTree = "<group>"; };
		848D742D1BE6554E009325C5 /* FeedsCell.xib */ = {isa = PBXFileReference; fileEncoding = 4; lastKnownFileType = file.xib; path = FeedsCell.xib; sourceTree = "<group>"; };
		848D742F1BE655A3009325C5 /* FeedsTableViewCell.h */ = {isa = PBXFileReference; fileEncoding = 4; lastKnownFileType = sourcecode.c.h; path = FeedsTableViewCell.h; sourceTree = "<group>"; };
		848D74301BE655A3009325C5 /* FeedsTableViewCell.m */ = {isa = PBXFileReference; fileEncoding = 4; lastKnownFileType = sourcecode.c.objc; path = FeedsTableViewCell.m; sourceTree = "<group>"; };
		C765CF4C1BE59FEE0048A36B /* MobileCoreServices.framework */ = {isa = PBXFileReference; lastKnownFileType = wrapper.framework; name = MobileCoreServices.framework; path = System/Library/Frameworks/MobileCoreServices.framework; sourceTree = SDKROOT; };
		C765CF4F1BE5A48B0048A36B /* NSURL+ImageGenerator.h */ = {isa = PBXFileReference; fileEncoding = 4; lastKnownFileType = sourcecode.c.h; path = "NSURL+ImageGenerator.h"; sourceTree = "<group>"; };
		C765CF501BE5A48B0048A36B /* NSURL+ImageGenerator.m */ = {isa = PBXFileReference; fileEncoding = 4; lastKnownFileType = sourcecode.c.objc; path = "NSURL+ImageGenerator.m"; sourceTree = "<group>"; };
		C765CF521BE5B92B0048A36B /* Post.h */ = {isa = PBXFileReference; fileEncoding = 4; lastKnownFileType = sourcecode.c.h; path = Post.h; sourceTree = "<group>"; };
		C765CF531BE5B92B0048A36B /* Post.m */ = {isa = PBXFileReference; fileEncoding = 4; lastKnownFileType = sourcecode.c.objc; path = Post.m; sourceTree = "<group>"; };
		C765CF581BE5C26B0048A36B /* VideoDetailViewController.h */ = {isa = PBXFileReference; fileEncoding = 4; lastKnownFileType = sourcecode.c.h; path = VideoDetailViewController.h; sourceTree = "<group>"; };
		C765CF591BE5C26B0048A36B /* VideoDetailViewController.m */ = {isa = PBXFileReference; fileEncoding = 4; lastKnownFileType = sourcecode.c.objc; path = VideoDetailViewController.m; sourceTree = "<group>"; };
		C765CF5B1BE6541B0048A36B /* FeedData.h */ = {isa = PBXFileReference; fileEncoding = 4; lastKnownFileType = sourcecode.c.h; path = FeedData.h; sourceTree = "<group>"; };
		C765CF5C1BE6541B0048A36B /* FeedData.m */ = {isa = PBXFileReference; fileEncoding = 4; lastKnownFileType = sourcecode.c.objc; path = FeedData.m; sourceTree = "<group>"; };
		C765CF5F1BE677C00048A36B /* KeepCalm-Medium.ttf */ = {isa = PBXFileReference; lastKnownFileType = file; path = "KeepCalm-Medium.ttf"; sourceTree = "<group>"; };
		C765CF611BE677C90048A36B /* Porter Bold.ttf */ = {isa = PBXFileReference; lastKnownFileType = file; path = "Porter Bold.ttf"; sourceTree = "<group>"; };
		C7E92E321BE51F580097412F /* WIT.app */ = {isa = PBXFileReference; explicitFileType = wrapper.application; includeInIndex = 0; path = WIT.app; sourceTree = BUILT_PRODUCTS_DIR; };
		C7E92E361BE51F580097412F /* main.m */ = {isa = PBXFileReference; lastKnownFileType = sourcecode.c.objc; path = main.m; sourceTree = "<group>"; };
		C7E92E381BE51F580097412F /* AppDelegate.h */ = {isa = PBXFileReference; lastKnownFileType = sourcecode.c.h; path = AppDelegate.h; sourceTree = "<group>"; };
		C7E92E391BE51F580097412F /* AppDelegate.m */ = {isa = PBXFileReference; lastKnownFileType = sourcecode.c.objc; path = AppDelegate.m; sourceTree = "<group>"; };
		C7E92E3B1BE51F580097412F /* LoginScreenVC.h */ = {isa = PBXFileReference; lastKnownFileType = sourcecode.c.h; path = LoginScreenVC.h; sourceTree = "<group>"; };
		C7E92E3C1BE51F580097412F /* LoginScreenVC.m */ = {isa = PBXFileReference; lastKnownFileType = sourcecode.c.objc; path = LoginScreenVC.m; sourceTree = "<group>"; };
		C7E92E421BE51F580097412F /* WIT.xcdatamodel */ = {isa = PBXFileReference; lastKnownFileType = wrapper.xcdatamodel; path = WIT.xcdatamodel; sourceTree = "<group>"; };
		C7E92E441BE51F580097412F /* Assets.xcassets */ = {isa = PBXFileReference; lastKnownFileType = folder.assetcatalog; path = Assets.xcassets; sourceTree = "<group>"; };
		C7E92E471BE51F580097412F /* Base */ = {isa = PBXFileReference; lastKnownFileType = file.storyboard; name = Base; path = Base.lproj/LaunchScreen.storyboard; sourceTree = "<group>"; };
		C7E92E491BE51F580097412F /* Info.plist */ = {isa = PBXFileReference; lastKnownFileType = text.plist.xml; path = Info.plist; sourceTree = "<group>"; };
		C7E92E4E1BE51F580097412F /* WITTests.xctest */ = {isa = PBXFileReference; explicitFileType = wrapper.cfbundle; includeInIndex = 0; path = WITTests.xctest; sourceTree = BUILT_PRODUCTS_DIR; };
		C7E92E521BE51F580097412F /* WITTests.m */ = {isa = PBXFileReference; lastKnownFileType = sourcecode.c.objc; path = WITTests.m; sourceTree = "<group>"; };
		C7E92E541BE51F580097412F /* Info.plist */ = {isa = PBXFileReference; lastKnownFileType = text.plist.xml; path = Info.plist; sourceTree = "<group>"; };
		C7E92E591BE51F590097412F /* WITUITests.xctest */ = {isa = PBXFileReference; explicitFileType = wrapper.cfbundle; includeInIndex = 0; path = WITUITests.xctest; sourceTree = BUILT_PRODUCTS_DIR; };
		C7E92E5D1BE51F590097412F /* WITUITests.m */ = {isa = PBXFileReference; lastKnownFileType = sourcecode.c.objc; path = WITUITests.m; sourceTree = "<group>"; };
		C7E92E5F1BE51F590097412F /* Info.plist */ = {isa = PBXFileReference; lastKnownFileType = text.plist.xml; path = Info.plist; sourceTree = "<group>"; };
		C7E92E791BE57D200097412F /* Media.h */ = {isa = PBXFileReference; fileEncoding = 4; lastKnownFileType = sourcecode.c.h; path = Media.h; sourceTree = "<group>"; };
		C7E92E7A1BE57D200097412F /* Media.m */ = {isa = PBXFileReference; fileEncoding = 4; lastKnownFileType = sourcecode.c.objc; path = Media.m; sourceTree = "<group>"; };
		C7E92E7D1BE58DE40097412F /* VideoPostCreationViewController.h */ = {isa = PBXFileReference; fileEncoding = 4; lastKnownFileType = sourcecode.c.h; path = VideoPostCreationViewController.h; sourceTree = "<group>"; };
		C7E92E7E1BE58DE40097412F /* VideoPostCreationViewController.m */ = {isa = PBXFileReference; fileEncoding = 4; lastKnownFileType = sourcecode.c.objc; path = VideoPostCreationViewController.m; sourceTree = "<group>"; };
		C7E92E801BE598780097412F /* AVFoundation.framework */ = {isa = PBXFileReference; lastKnownFileType = wrapper.framework; name = AVFoundation.framework; path = System/Library/Frameworks/AVFoundation.framework; sourceTree = SDKROOT; };
		ECAAC0F33FC7485E1F856266 /* Pods.debug.xcconfig */ = {isa = PBXFileReference; includeInIndex = 1; lastKnownFileType = text.xcconfig; name = Pods.debug.xcconfig; path = "Pods/Target Support Files/Pods/Pods.debug.xcconfig"; sourceTree = "<group>"; };
		F17A4E5F46EC349764F73446 /* Pods.release.xcconfig */ = {isa = PBXFileReference; includeInIndex = 1; lastKnownFileType = text.xcconfig; name = Pods.release.xcconfig; path = "Pods/Target Support Files/Pods/Pods.release.xcconfig"; sourceTree = "<group>"; };
/* End PBXFileReference section */

/* Begin PBXFrameworksBuildPhase section */
		C7E92E2F1BE51F580097412F /* Frameworks */ = {
			isa = PBXFrameworksBuildPhase;
			buildActionMask = 2147483647;
			files = (
				C765CF4D1BE59FEE0048A36B /* MobileCoreServices.framework in Frameworks */,
				C7E92E811BE598790097412F /* AVFoundation.framework in Frameworks */,
				227B5950C44DAAB03FDED46F /* libPods.a in Frameworks */,
			);
			runOnlyForDeploymentPostprocessing = 0;
		};
		C7E92E4B1BE51F580097412F /* Frameworks */ = {
			isa = PBXFrameworksBuildPhase;
			buildActionMask = 2147483647;
			files = (
			);
			runOnlyForDeploymentPostprocessing = 0;
		};
		C7E92E561BE51F590097412F /* Frameworks */ = {
			isa = PBXFrameworksBuildPhase;
			buildActionMask = 2147483647;
			files = (
			);
			runOnlyForDeploymentPostprocessing = 0;
		};
/* End PBXFrameworksBuildPhase section */

/* Begin PBXGroup section */
		153621B91BE6A3F600ED3D70 /* DGActivityIndicatorView */ = {
			isa = PBXGroup;
			children = (
				153621BA1BE6A3F600ED3D70 /* Animations */,
				153621FB1BE6A3F600ED3D70 /* DGActivityIndicatorAnimationProtocol.h */,
				153621FC1BE6A3F600ED3D70 /* DGActivityIndicatorView.h */,
				153621FD1BE6A3F600ED3D70 /* DGActivityIndicatorView.m */,
			);
			path = DGActivityIndicatorView;
			sourceTree = "<group>";
		};
		153621BA1BE6A3F600ED3D70 /* Animations */ = {
			isa = PBXGroup;
			children = (
				153621BB1BE6A3F600ED3D70 /* DGActivityIndicatorBallBeatAnimation.h */,
				153621BC1BE6A3F600ED3D70 /* DGActivityIndicatorBallBeatAnimation.m */,
				153621BD1BE6A3F600ED3D70 /* DGActivityIndicatorBallClipRotateAnimation.h */,
				153621BE1BE6A3F600ED3D70 /* DGActivityIndicatorBallClipRotateAnimation.m */,
				153621BF1BE6A3F600ED3D70 /* DGActivityIndicatorBallClipRotateMultipleAnimation.h */,
				153621C01BE6A3F600ED3D70 /* DGActivityIndicatorBallClipRotateMultipleAnimation.m */,
				153621C11BE6A3F600ED3D70 /* DGActivityIndicatorBallClipRotatePulseAnimation.h */,
				153621C21BE6A3F600ED3D70 /* DGActivityIndicatorBallClipRotatePulseAnimation.m */,
				153621C31BE6A3F600ED3D70 /* DGActivityIndicatorBallGridBeatAnimation.h */,
				153621C41BE6A3F600ED3D70 /* DGActivityIndicatorBallGridBeatAnimation.m */,
				153621C51BE6A3F600ED3D70 /* DGActivityIndicatorBallGridPulseAnimation.h */,
				153621C61BE6A3F600ED3D70 /* DGActivityIndicatorBallGridPulseAnimation.m */,
				153621C71BE6A3F600ED3D70 /* DGActivityIndicatorBallPulseAnimation.h */,
				153621C81BE6A3F600ED3D70 /* DGActivityIndicatorBallPulseAnimation.m */,
				153621C91BE6A3F600ED3D70 /* DGActivityIndicatorBallPulseSyncAnimation.h */,
				153621CA1BE6A3F600ED3D70 /* DGActivityIndicatorBallPulseSyncAnimation.m */,
				153621CB1BE6A3F600ED3D70 /* DGActivityIndicatorBallRotateAnimation.h */,
				153621CC1BE6A3F600ED3D70 /* DGActivityIndicatorBallRotateAnimation.m */,
				153621CD1BE6A3F600ED3D70 /* DGActivityIndicatorBallScaleAnimation.h */,
				153621CE1BE6A3F600ED3D70 /* DGActivityIndicatorBallScaleAnimation.m */,
				153621CF1BE6A3F600ED3D70 /* DGActivityIndicatorBallScaleMultipleAnimation.h */,
				153621D01BE6A3F600ED3D70 /* DGActivityIndicatorBallScaleMultipleAnimation.m */,
				153621D11BE6A3F600ED3D70 /* DGActivityIndicatorBallScaleRippleAnimation.h */,
				153621D21BE6A3F600ED3D70 /* DGActivityIndicatorBallScaleRippleAnimation.m */,
				153621D31BE6A3F600ED3D70 /* DGActivityIndicatorBallScaleRippleMultipleAnimation.h */,
				153621D41BE6A3F600ED3D70 /* DGActivityIndicatorBallScaleRippleMultipleAnimation.m */,
				153621D51BE6A3F600ED3D70 /* DGActivityIndicatorBallTrianglePathAnimation.h */,
				153621D61BE6A3F600ED3D70 /* DGActivityIndicatorBallTrianglePathAnimation.m */,
				153621D71BE6A3F600ED3D70 /* DGActivityIndicatorBallZigZagAnimation.h */,
				153621D81BE6A3F600ED3D70 /* DGActivityIndicatorBallZigZagAnimation.m */,
				153621D91BE6A3F600ED3D70 /* DGActivityIndicatorBallZigZagDeflectAnimation.h */,
				153621DA1BE6A3F600ED3D70 /* DGActivityIndicatorBallZigZagDeflectAnimation.m */,
				153621DB1BE6A3F600ED3D70 /* DGActivityIndicatorCookieTerminatorAnimation.h */,
				153621DC1BE6A3F600ED3D70 /* DGActivityIndicatorCookieTerminatorAnimation.m */,
				153621DD1BE6A3F600ED3D70 /* DGActivityIndicatorDoubleBounceAnimation.h */,
				153621DE1BE6A3F600ED3D70 /* DGActivityIndicatorDoubleBounceAnimation.m */,
				153621DF1BE6A3F600ED3D70 /* DGActivityIndicatorFiveDotsAnimation.h */,
				153621E01BE6A3F600ED3D70 /* DGActivityIndicatorFiveDotsAnimation.m */,
				153621E11BE6A3F600ED3D70 /* DGActivityIndicatorLineScaleAnimation.h */,
				153621E21BE6A3F600ED3D70 /* DGActivityIndicatorLineScaleAnimation.m */,
				153621E31BE6A3F600ED3D70 /* DGActivityIndicatorLineScalePartyAnimation.h */,
				153621E41BE6A3F600ED3D70 /* DGActivityIndicatorLineScalePartyAnimation.m */,
				153621E51BE6A3F600ED3D70 /* DGActivityIndicatorLineScalePulseOutAnimation.h */,
				153621E61BE6A3F600ED3D70 /* DGActivityIndicatorLineScalePulseOutAnimation.m */,
				153621E71BE6A3F600ED3D70 /* DGActivityIndicatorLineScalePulseOutRapidAnimation.h */,
				153621E81BE6A3F600ED3D70 /* DGActivityIndicatorLineScalePulseOutRapidAnimation.m */,
				153621E91BE6A3F600ED3D70 /* DGActivityIndicatorNineDotsAnimation.h */,
				153621EA1BE6A3F600ED3D70 /* DGActivityIndicatorNineDotsAnimation.m */,
				153621EB1BE6A3F600ED3D70 /* DGActivityIndicatorRotatingSandglassAnimation.h */,
				153621EC1BE6A3F600ED3D70 /* DGActivityIndicatorRotatingSandglassAnimation.m */,
				153621ED1BE6A3F600ED3D70 /* DGActivityIndicatorRotatingSquaresAnimation.h */,
				153621EE1BE6A3F600ED3D70 /* DGActivityIndicatorRotatingSquaresAnimation.m */,
				153621EF1BE6A3F600ED3D70 /* DGActivityIndicatorRotatingTrigonAnimation.h */,
				153621F01BE6A3F600ED3D70 /* DGActivityIndicatorRotatingTrigonAnimation.m */,
				153621F11BE6A3F600ED3D70 /* DGActivityIndicatorThreeDotsAnimation.h */,
				153621F21BE6A3F600ED3D70 /* DGActivityIndicatorThreeDotsAnimation.m */,
				153621F31BE6A3F600ED3D70 /* DGActivityIndicatorTriangleSkewSpinAnimation.h */,
				153621F41BE6A3F600ED3D70 /* DGActivityIndicatorTriangleSkewSpinAnimation.m */,
				153621F51BE6A3F600ED3D70 /* DGActivityIndicatorTriplePulseAnimation.h */,
				153621F61BE6A3F600ED3D70 /* DGActivityIndicatorTriplePulseAnimation.m */,
				153621F71BE6A3F600ED3D70 /* DGActivityIndicatorTripleRingsAnimation.h */,
				153621F81BE6A3F600ED3D70 /* DGActivityIndicatorTripleRingsAnimation.m */,
				153621F91BE6A3F600ED3D70 /* DGActivityIndicatorTwoDotsAnimation.h */,
				153621FA1BE6A3F600ED3D70 /* DGActivityIndicatorTwoDotsAnimation.m */,
			);
			path = Animations;
			sourceTree = "<group>";
		};
		45023A501BE59D0C00A776D8 /* TextPostMake */ = {
			isa = PBXGroup;
			children = (
				45023A511BE59D9500A776D8 /* TextPostCreationViewController.h */,
				45023A521BE59D9500A776D8 /* TextPostCreationViewController.m */,
			);
			name = TextPostMake;
			sourceTree = "<group>";
		};
		45E133471BE52A9700A18C44 /* Login Screen */ = {
			isa = PBXGroup;
			children = (
				C7E92E3B1BE51F580097412F /* LoginScreenVC.h */,
				C7E92E3C1BE51F580097412F /* LoginScreenVC.m */,
				45E1334C1BE53EBF00A18C44 /* TabBarViewController.h */,
				45E1334D1BE53EBF00A18C44 /* TabBarViewController.m */,
			);
			name = "Login Screen";
			sourceTree = "<group>";
		};
		848D73E11BE5A103009325C5 /* Feeds */ = {
			isa = PBXGroup;
			children = (
				848D742A1BE5C7D0009325C5 /* FeedsViewController.h */,
				848D742B1BE5C7D0009325C5 /* FeedsViewController.m */,
				848D742F1BE655A3009325C5 /* FeedsTableViewCell.h */,
				848D74301BE655A3009325C5 /* FeedsTableViewCell.m */,
				848D742D1BE6554E009325C5 /* FeedsCell.xib */,
			);
			name = Feeds;
			sourceTree = "<group>";
		};
		AB38C9C2BEEF3FC29F46FF02 /* Frameworks */ = {
			isa = PBXGroup;
			children = (
				C765CF4C1BE59FEE0048A36B /* MobileCoreServices.framework */,
				C7E92E801BE598780097412F /* AVFoundation.framework */,
				78D156BD9D23EF12B29F93FB /* libPods.a */,
			);
			name = Frameworks;
			sourceTree = "<group>";
		};
		AF838A1F0993DD5421BA9873 /* Pods */ = {
			isa = PBXGroup;
			children = (
				ECAAC0F33FC7485E1F856266 /* Pods.debug.xcconfig */,
				F17A4E5F46EC349764F73446 /* Pods.release.xcconfig */,
			);
			name = Pods;
			sourceTree = "<group>";
		};
		C765CF5E1BE677860048A36B /* Fonts */ = {
			isa = PBXGroup;
			children = (
				C765CF5F1BE677C00048A36B /* KeepCalm-Medium.ttf */,
				C765CF611BE677C90048A36B /* Porter Bold.ttf */,
			);
			name = Fonts;
			sourceTree = "<group>";
		};
		C7E92E291BE51F570097412F = {
			isa = PBXGroup;
			children = (
				C7E92E341BE51F580097412F /* WIT */,
				C7E92E511BE51F580097412F /* WITTests */,
				C7E92E5C1BE51F590097412F /* WITUITests */,
				C7E92E331BE51F580097412F /* Products */,
				AF838A1F0993DD5421BA9873 /* Pods */,
				AB38C9C2BEEF3FC29F46FF02 /* Frameworks */,
			);
			sourceTree = "<group>";
		};
		C7E92E331BE51F580097412F /* Products */ = {
			isa = PBXGroup;
			children = (
				C7E92E321BE51F580097412F /* WIT.app */,
				C7E92E4E1BE51F580097412F /* WITTests.xctest */,
				C7E92E591BE51F590097412F /* WITUITests.xctest */,
			);
			name = Products;
			sourceTree = "<group>";
		};
		C7E92E341BE51F580097412F /* WIT */ = {
			isa = PBXGroup;
			children = (
				C765CF5E1BE677860048A36B /* Fonts */,
				45023A501BE59D0C00A776D8 /* TextPostMake */,
				C7E92E7C1BE58AC20097412F /* VideoPostMake */,
				C7E92E781BE57B970097412F /* Parse Media */,
				848D73E11BE5A103009325C5 /* Feeds */,
				C7E92E381BE51F580097412F /* AppDelegate.h */,
				C7E92E391BE51F580097412F /* AppDelegate.m */,
				848D73DB1BE58886009325C5 /* Main.storyboard */,
				45E133471BE52A9700A18C44 /* Login Screen */,
				848D73CD1BE53E6C009325C5 /* TabBarController.h */,
				848D73CE1BE53E6D009325C5 /* TabBarController.m */,
				C7E92E441BE51F580097412F /* Assets.xcassets */,
				C7E92E461BE51F580097412F /* LaunchScreen.storyboard */,
				C7E92E491BE51F580097412F /* Info.plist */,
				C7E92E411BE51F580097412F /* WIT.xcdatamodeld */,
				C7E92E351BE51F580097412F /* Supporting Files */,
			);
			path = WIT;
			sourceTree = "<group>";
		};
		C7E92E351BE51F580097412F /* Supporting Files */ = {
			isa = PBXGroup;
			children = (
				C7E92E361BE51F580097412F /* main.m */,
			);
			name = "Supporting Files";
			sourceTree = "<group>";
		};
		C7E92E511BE51F580097412F /* WITTests */ = {
			isa = PBXGroup;
			children = (
				C7E92E521BE51F580097412F /* WITTests.m */,
				C7E92E541BE51F580097412F /* Info.plist */,
			);
			path = WITTests;
			sourceTree = "<group>";
		};
		C7E92E5C1BE51F590097412F /* WITUITests */ = {
			isa = PBXGroup;
			children = (
				C7E92E5D1BE51F590097412F /* WITUITests.m */,
				C7E92E5F1BE51F590097412F /* Info.plist */,
			);
			path = WITUITests;
			sourceTree = "<group>";
		};
		C7E92E781BE57B970097412F /* Parse Media */ = {
			isa = PBXGroup;
			children = (
				848D73E21BE5A430009325C5 /* AllFeeds.h */,
				848D73E31BE5A430009325C5 /* AllFeeds.m */,
				C7E92E791BE57D200097412F /* Media.h */,
				C7E92E7A1BE57D200097412F /* Media.m */,
			);
			name = "Parse Media";
			sourceTree = "<group>";
		};
		C7E92E7C1BE58AC20097412F /* VideoPostMake */ = {
			isa = PBXGroup;
			children = (
				153621B91BE6A3F600ED3D70 /* DGActivityIndicatorView */,
				C765CF581BE5C26B0048A36B /* VideoDetailViewController.h */,
				C765CF591BE5C26B0048A36B /* VideoDetailViewController.m */,
				C7E92E7D1BE58DE40097412F /* VideoPostCreationViewController.h */,
				C7E92E7E1BE58DE40097412F /* VideoPostCreationViewController.m */,
				1536214B1BE5B73E00ED3D70 /* AudioPostCreationViewController.h */,
				1536214C1BE5B73E00ED3D70 /* AudioPostCreationViewController.m */,
				1536221F1BE6A69000ED3D70 /* ShareViewController.h */,
				153622201BE6A69000ED3D70 /* ShareViewController.m */,
				C765CF4F1BE5A48B0048A36B /* NSURL+ImageGenerator.h */,
				C765CF501BE5A48B0048A36B /* NSURL+ImageGenerator.m */,
				C765CF521BE5B92B0048A36B /* Post.h */,
				C765CF531BE5B92B0048A36B /* Post.m */,
				C765CF5B1BE6541B0048A36B /* FeedData.h */,
				C765CF5C1BE6541B0048A36B /* FeedData.m */,
			);
			name = VideoPostMake;
			sourceTree = "<group>";
		};
/* End PBXGroup section */

/* Begin PBXNativeTarget section */
		C7E92E311BE51F580097412F /* WIT */ = {
			isa = PBXNativeTarget;
			buildConfigurationList = C7E92E621BE51F590097412F /* Build configuration list for PBXNativeTarget "WIT" */;
			buildPhases = (
				D4966F21186F01B0DB4F5378 /* Check Pods Manifest.lock */,
				C7E92E2E1BE51F580097412F /* Sources */,
				C7E92E2F1BE51F580097412F /* Frameworks */,
				C7E92E301BE51F580097412F /* Resources */,
				2C39B004D3CC7F9BEE70565C /* Copy Pods Resources */,
				E0610C0F6BF603F5309A3D71 /* Embed Pods Frameworks */,
			);
			buildRules = (
			);
			dependencies = (
			);
			name = WIT;
			productName = WIT;
			productReference = C7E92E321BE51F580097412F /* WIT.app */;
			productType = "com.apple.product-type.application";
		};
		C7E92E4D1BE51F580097412F /* WITTests */ = {
			isa = PBXNativeTarget;
			buildConfigurationList = C7E92E651BE51F590097412F /* Build configuration list for PBXNativeTarget "WITTests" */;
			buildPhases = (
				C7E92E4A1BE51F580097412F /* Sources */,
				C7E92E4B1BE51F580097412F /* Frameworks */,
				C7E92E4C1BE51F580097412F /* Resources */,
			);
			buildRules = (
			);
			dependencies = (
				C7E92E501BE51F580097412F /* PBXTargetDependency */,
			);
			name = WITTests;
			productName = WITTests;
			productReference = C7E92E4E1BE51F580097412F /* WITTests.xctest */;
			productType = "com.apple.product-type.bundle.unit-test";
		};
		C7E92E581BE51F590097412F /* WITUITests */ = {
			isa = PBXNativeTarget;
			buildConfigurationList = C7E92E681BE51F590097412F /* Build configuration list for PBXNativeTarget "WITUITests" */;
			buildPhases = (
				C7E92E551BE51F590097412F /* Sources */,
				C7E92E561BE51F590097412F /* Frameworks */,
				C7E92E571BE51F590097412F /* Resources */,
			);
			buildRules = (
			);
			dependencies = (
				C7E92E5B1BE51F590097412F /* PBXTargetDependency */,
			);
			name = WITUITests;
			productName = WITUITests;
			productReference = C7E92E591BE51F590097412F /* WITUITests.xctest */;
			productType = "com.apple.product-type.bundle.ui-testing";
		};
/* End PBXNativeTarget section */

/* Begin PBXProject section */
		C7E92E2A1BE51F570097412F /* Project object */ = {
			isa = PBXProject;
			attributes = {
				LastUpgradeCheck = 0700;
				ORGANIZATIONNAME = "Varindra Hart";
				TargetAttributes = {
					C7E92E311BE51F580097412F = {
						CreatedOnToolsVersion = 7.0.1;
						DevelopmentTeam = 3L76772298;
					};
					C7E92E4D1BE51F580097412F = {
						CreatedOnToolsVersion = 7.0.1;
						DevelopmentTeam = 3L76772298;
						TestTargetID = C7E92E311BE51F580097412F;
					};
					C7E92E581BE51F590097412F = {
						CreatedOnToolsVersion = 7.0.1;
						DevelopmentTeam = 3L76772298;
						TestTargetID = C7E92E311BE51F580097412F;
					};
				};
			};
			buildConfigurationList = C7E92E2D1BE51F570097412F /* Build configuration list for PBXProject "WIT" */;
			compatibilityVersion = "Xcode 3.2";
			developmentRegion = English;
			hasScannedForEncodings = 0;
			knownRegions = (
				en,
				Base,
			);
			mainGroup = C7E92E291BE51F570097412F;
			productRefGroup = C7E92E331BE51F580097412F /* Products */;
			projectDirPath = "";
			projectRoot = "";
			targets = (
				C7E92E311BE51F580097412F /* WIT */,
				C7E92E4D1BE51F580097412F /* WITTests */,
				C7E92E581BE51F590097412F /* WITUITests */,
			);
		};
/* End PBXProject section */

/* Begin PBXResourcesBuildPhase section */
		C7E92E301BE51F580097412F /* Resources */ = {
			isa = PBXResourcesBuildPhase;
			buildActionMask = 2147483647;
			files = (
				848D73DD1BE58886009325C5 /* Main.storyboard in Resources */,
				848D742E1BE6554E009325C5 /* FeedsCell.xib in Resources */,
				C765CF621BE677C90048A36B /* Porter Bold.ttf in Resources */,
				C765CF601BE677C00048A36B /* KeepCalm-Medium.ttf in Resources */,
				C7E92E481BE51F580097412F /* LaunchScreen.storyboard in Resources */,
				C7E92E451BE51F580097412F /* Assets.xcassets in Resources */,
			);
			runOnlyForDeploymentPostprocessing = 0;
		};
		C7E92E4C1BE51F580097412F /* Resources */ = {
			isa = PBXResourcesBuildPhase;
			buildActionMask = 2147483647;
			files = (
			);
			runOnlyForDeploymentPostprocessing = 0;
		};
		C7E92E571BE51F590097412F /* Resources */ = {
			isa = PBXResourcesBuildPhase;
			buildActionMask = 2147483647;
			files = (
			);
			runOnlyForDeploymentPostprocessing = 0;
		};
/* End PBXResourcesBuildPhase section */

/* Begin PBXShellScriptBuildPhase section */
		2C39B004D3CC7F9BEE70565C /* Copy Pods Resources */ = {
			isa = PBXShellScriptBuildPhase;
			buildActionMask = 2147483647;
			files = (
			);
			inputPaths = (
			);
			name = "Copy Pods Resources";
			outputPaths = (
			);
			runOnlyForDeploymentPostprocessing = 0;
			shellPath = /bin/sh;
			shellScript = "\"${SRCROOT}/Pods/Target Support Files/Pods/Pods-resources.sh\"\n";
			showEnvVarsInLog = 0;
		};
		D4966F21186F01B0DB4F5378 /* Check Pods Manifest.lock */ = {
			isa = PBXShellScriptBuildPhase;
			buildActionMask = 2147483647;
			files = (
			);
			inputPaths = (
			);
			name = "Check Pods Manifest.lock";
			outputPaths = (
			);
			runOnlyForDeploymentPostprocessing = 0;
			shellPath = /bin/sh;
			shellScript = "diff \"${PODS_ROOT}/../Podfile.lock\" \"${PODS_ROOT}/Manifest.lock\" > /dev/null\nif [[ $? != 0 ]] ; then\n    cat << EOM\nerror: The sandbox is not in sync with the Podfile.lock. Run 'pod install' or update your CocoaPods installation.\nEOM\n    exit 1\nfi\n";
			showEnvVarsInLog = 0;
		};
		E0610C0F6BF603F5309A3D71 /* Embed Pods Frameworks */ = {
			isa = PBXShellScriptBuildPhase;
			buildActionMask = 2147483647;
			files = (
			);
			inputPaths = (
			);
			name = "Embed Pods Frameworks";
			outputPaths = (
			);
			runOnlyForDeploymentPostprocessing = 0;
			shellPath = /bin/sh;
			shellScript = "\"${SRCROOT}/Pods/Target Support Files/Pods/Pods-frameworks.sh\"\n";
			showEnvVarsInLog = 0;
		};
/* End PBXShellScriptBuildPhase section */

/* Begin PBXSourcesBuildPhase section */
		C7E92E2E1BE51F580097412F /* Sources */ = {
			isa = PBXSourcesBuildPhase;
			buildActionMask = 2147483647;
			files = (
				153622011BE6A3F600ED3D70 /* DGActivityIndicatorBallClipRotatePulseAnimation.m in Sources */,
				153622191BE6A3F600ED3D70 /* DGActivityIndicatorThreeDotsAnimation.m in Sources */,
				153622031BE6A3F600ED3D70 /* DGActivityIndicatorBallGridPulseAnimation.m in Sources */,
				848D73E41BE5A430009325C5 /* AllFeeds.m in Sources */,
				1536220A1BE6A3F600ED3D70 /* DGActivityIndicatorBallScaleRippleMultipleAnimation.m in Sources */,
				153622001BE6A3F600ED3D70 /* DGActivityIndicatorBallClipRotateMultipleAnimation.m in Sources */,
				1536221B1BE6A3F600ED3D70 /* DGActivityIndicatorTriplePulseAnimation.m in Sources */,
				1536220F1BE6A3F600ED3D70 /* DGActivityIndicatorDoubleBounceAnimation.m in Sources */,
				848D742C1BE5C7D0009325C5 /* FeedsViewController.m in Sources */,
				C7E92E7B1BE57D200097412F /* Media.m in Sources */,
				C7E92E7F1BE58DE40097412F /* VideoPostCreationViewController.m in Sources */,
				153622041BE6A3F600ED3D70 /* DGActivityIndicatorBallPulseAnimation.m in Sources */,
				153622021BE6A3F600ED3D70 /* DGActivityIndicatorBallGridBeatAnimation.m in Sources */,
				C765CF511BE5A48B0048A36B /* NSURL+ImageGenerator.m in Sources */,
				1536221C1BE6A3F600ED3D70 /* DGActivityIndicatorTripleRingsAnimation.m in Sources */,
				153622131BE6A3F600ED3D70 /* DGActivityIndicatorLineScalePulseOutAnimation.m in Sources */,
				153622121BE6A3F600ED3D70 /* DGActivityIndicatorLineScalePartyAnimation.m in Sources */,
				153622161BE6A3F600ED3D70 /* DGActivityIndicatorRotatingSandglassAnimation.m in Sources */,
				153622211BE6A69000ED3D70 /* ShareViewController.m in Sources */,
				C765CF5A1BE5C26B0048A36B /* VideoDetailViewController.m in Sources */,
				1536221A1BE6A3F600ED3D70 /* DGActivityIndicatorTriangleSkewSpinAnimation.m in Sources */,
				45E1334E1BE53EBF00A18C44 /* TabBarViewController.m in Sources */,
				153622091BE6A3F600ED3D70 /* DGActivityIndicatorBallScaleRippleAnimation.m in Sources */,
				1536221E1BE6A3F600ED3D70 /* DGActivityIndicatorView.m in Sources */,
				153622141BE6A3F600ED3D70 /* DGActivityIndicatorLineScalePulseOutRapidAnimation.m in Sources */,
				153622111BE6A3F600ED3D70 /* DGActivityIndicatorLineScaleAnimation.m in Sources */,
				1536220B1BE6A3F600ED3D70 /* DGActivityIndicatorBallTrianglePathAnimation.m in Sources */,
				1536214D1BE5B73E00ED3D70 /* AudioPostCreationViewController.m in Sources */,
				C765CF541BE5B92B0048A36B /* Post.m in Sources */,
				153622181BE6A3F600ED3D70 /* DGActivityIndicatorRotatingTrigonAnimation.m in Sources */,
				153622081BE6A3F600ED3D70 /* DGActivityIndicatorBallScaleMultipleAnimation.m in Sources */,
				848D73CC1BE53BE8009325C5 /* AppDelegate.m in Sources */,
				153622101BE6A3F600ED3D70 /* DGActivityIndicatorFiveDotsAnimation.m in Sources */,
				1536220E1BE6A3F600ED3D70 /* DGActivityIndicatorCookieTerminatorAnimation.m in Sources */,
				153622171BE6A3F600ED3D70 /* DGActivityIndicatorRotatingSquaresAnimation.m in Sources */,
				1536220C1BE6A3F600ED3D70 /* DGActivityIndicatorBallZigZagAnimation.m in Sources */,
				848D74311BE655A3009325C5 /* FeedsTableViewCell.m in Sources */,
				45023A531BE59D9500A776D8 /* TextPostCreationViewController.m in Sources */,
				C7E92E431BE51F580097412F /* WIT.xcdatamodeld in Sources */,
				848D73CF1BE53E6D009325C5 /* TabBarController.m in Sources */,
				153621FF1BE6A3F600ED3D70 /* DGActivityIndicatorBallClipRotateAnimation.m in Sources */,
				153622071BE6A3F600ED3D70 /* DGActivityIndicatorBallScaleAnimation.m in Sources */,
				153622061BE6A3F600ED3D70 /* DGActivityIndicatorBallRotateAnimation.m in Sources */,
				1536221D1BE6A3F600ED3D70 /* DGActivityIndicatorTwoDotsAnimation.m in Sources */,
				153622151BE6A3F600ED3D70 /* DGActivityIndicatorNineDotsAnimation.m in Sources */,
				153622051BE6A3F600ED3D70 /* DGActivityIndicatorBallPulseSyncAnimation.m in Sources */,
				C7E92E371BE51F580097412F /* main.m in Sources */,
				1536220D1BE6A3F600ED3D70 /* DGActivityIndicatorBallZigZagDeflectAnimation.m in Sources */,
				C765CF5D1BE6541B0048A36B /* FeedData.m in Sources */,
				153621FE1BE6A3F600ED3D70 /* DGActivityIndicatorBallBeatAnimation.m in Sources */,
			);
			runOnlyForDeploymentPostprocessing = 0;
		};
		C7E92E4A1BE51F580097412F /* Sources */ = {
			isa = PBXSourcesBuildPhase;
			buildActionMask = 2147483647;
			files = (
				C7E92E531BE51F580097412F /* WITTests.m in Sources */,
			);
			runOnlyForDeploymentPostprocessing = 0;
		};
		C7E92E551BE51F590097412F /* Sources */ = {
			isa = PBXSourcesBuildPhase;
			buildActionMask = 2147483647;
			files = (
				C7E92E5E1BE51F590097412F /* WITUITests.m in Sources */,
			);
			runOnlyForDeploymentPostprocessing = 0;
		};
/* End PBXSourcesBuildPhase section */

/* Begin PBXTargetDependency section */
		C7E92E501BE51F580097412F /* PBXTargetDependency */ = {
			isa = PBXTargetDependency;
			target = C7E92E311BE51F580097412F /* WIT */;
			targetProxy = C7E92E4F1BE51F580097412F /* PBXContainerItemProxy */;
		};
		C7E92E5B1BE51F590097412F /* PBXTargetDependency */ = {
			isa = PBXTargetDependency;
			target = C7E92E311BE51F580097412F /* WIT */;
			targetProxy = C7E92E5A1BE51F590097412F /* PBXContainerItemProxy */;
		};
/* End PBXTargetDependency section */

/* Begin PBXVariantGroup section */
		848D73DB1BE58886009325C5 /* Main.storyboard */ = {
			isa = PBXVariantGroup;
			children = (
				848D73DC1BE58886009325C5 /* Base */,
			);
			name = Main.storyboard;
			sourceTree = "<group>";
		};
		C7E92E461BE51F580097412F /* LaunchScreen.storyboard */ = {
			isa = PBXVariantGroup;
			children = (
				C7E92E471BE51F580097412F /* Base */,
			);
			name = LaunchScreen.storyboard;
			sourceTree = "<group>";
		};
/* End PBXVariantGroup section */

/* Begin XCBuildConfiguration section */
		C7E92E601BE51F590097412F /* Debug */ = {
			isa = XCBuildConfiguration;
			buildSettings = {
				ALWAYS_SEARCH_USER_PATHS = NO;
				CLANG_CXX_LANGUAGE_STANDARD = "gnu++0x";
				CLANG_CXX_LIBRARY = "libc++";
				CLANG_ENABLE_MODULES = YES;
				CLANG_ENABLE_OBJC_ARC = YES;
				CLANG_WARN_BOOL_CONVERSION = YES;
				CLANG_WARN_CONSTANT_CONVERSION = YES;
				CLANG_WARN_DIRECT_OBJC_ISA_USAGE = YES_ERROR;
				CLANG_WARN_EMPTY_BODY = YES;
				CLANG_WARN_ENUM_CONVERSION = YES;
				CLANG_WARN_INT_CONVERSION = YES;
				CLANG_WARN_OBJC_ROOT_CLASS = YES_ERROR;
				CLANG_WARN_UNREACHABLE_CODE = YES;
				CLANG_WARN__DUPLICATE_METHOD_MATCH = YES;
				"CODE_SIGN_IDENTITY[sdk=iphoneos*]" = "iPhone Developer";
				COPY_PHASE_STRIP = NO;
				DEBUG_INFORMATION_FORMAT = dwarf;
				ENABLE_STRICT_OBJC_MSGSEND = YES;
				ENABLE_TESTABILITY = YES;
				GCC_C_LANGUAGE_STANDARD = gnu99;
				GCC_DYNAMIC_NO_PIC = NO;
				GCC_NO_COMMON_BLOCKS = YES;
				GCC_OPTIMIZATION_LEVEL = 0;
				GCC_PREPROCESSOR_DEFINITIONS = (
					"DEBUG=1",
					"$(inherited)",
				);
				GCC_WARN_64_TO_32_BIT_CONVERSION = YES;
				GCC_WARN_ABOUT_RETURN_TYPE = YES_ERROR;
				GCC_WARN_UNDECLARED_SELECTOR = YES;
				GCC_WARN_UNINITIALIZED_AUTOS = YES_AGGRESSIVE;
				GCC_WARN_UNUSED_FUNCTION = YES;
				GCC_WARN_UNUSED_VARIABLE = YES;
				IPHONEOS_DEPLOYMENT_TARGET = 9.0;
				MTL_ENABLE_DEBUG_INFO = YES;
				ONLY_ACTIVE_ARCH = YES;
				SDKROOT = iphoneos;
				TARGETED_DEVICE_FAMILY = "1,2";
			};
			name = Debug;
		};
		C7E92E611BE51F590097412F /* Release */ = {
			isa = XCBuildConfiguration;
			buildSettings = {
				ALWAYS_SEARCH_USER_PATHS = NO;
				CLANG_CXX_LANGUAGE_STANDARD = "gnu++0x";
				CLANG_CXX_LIBRARY = "libc++";
				CLANG_ENABLE_MODULES = YES;
				CLANG_ENABLE_OBJC_ARC = YES;
				CLANG_WARN_BOOL_CONVERSION = YES;
				CLANG_WARN_CONSTANT_CONVERSION = YES;
				CLANG_WARN_DIRECT_OBJC_ISA_USAGE = YES_ERROR;
				CLANG_WARN_EMPTY_BODY = YES;
				CLANG_WARN_ENUM_CONVERSION = YES;
				CLANG_WARN_INT_CONVERSION = YES;
				CLANG_WARN_OBJC_ROOT_CLASS = YES_ERROR;
				CLANG_WARN_UNREACHABLE_CODE = YES;
				CLANG_WARN__DUPLICATE_METHOD_MATCH = YES;
				"CODE_SIGN_IDENTITY[sdk=iphoneos*]" = "iPhone Developer";
				COPY_PHASE_STRIP = NO;
				DEBUG_INFORMATION_FORMAT = "dwarf-with-dsym";
				ENABLE_NS_ASSERTIONS = NO;
				ENABLE_STRICT_OBJC_MSGSEND = YES;
				GCC_C_LANGUAGE_STANDARD = gnu99;
				GCC_NO_COMMON_BLOCKS = YES;
				GCC_WARN_64_TO_32_BIT_CONVERSION = YES;
				GCC_WARN_ABOUT_RETURN_TYPE = YES_ERROR;
				GCC_WARN_UNDECLARED_SELECTOR = YES;
				GCC_WARN_UNINITIALIZED_AUTOS = YES_AGGRESSIVE;
				GCC_WARN_UNUSED_FUNCTION = YES;
				GCC_WARN_UNUSED_VARIABLE = YES;
				IPHONEOS_DEPLOYMENT_TARGET = 9.0;
				MTL_ENABLE_DEBUG_INFO = NO;
				SDKROOT = iphoneos;
				TARGETED_DEVICE_FAMILY = "1,2";
				VALIDATE_PRODUCT = YES;
			};
			name = Release;
		};
		C7E92E631BE51F590097412F /* Debug */ = {
			isa = XCBuildConfiguration;
			baseConfigurationReference = ECAAC0F33FC7485E1F856266 /* Pods.debug.xcconfig */;
			buildSettings = {
				ASSETCATALOG_COMPILER_APPICON_NAME = AppIcon;
				INFOPLIST_FILE = WIT/Info.plist;
				LD_RUNPATH_SEARCH_PATHS = "$(inherited) @executable_path/Frameworks";
				PRODUCT_BUNDLE_IDENTIFIER = nyc.c4q.vhart.WIT;
				PRODUCT_NAME = "$(TARGET_NAME)";
			};
			name = Debug;
		};
		C7E92E641BE51F590097412F /* Release */ = {
			isa = XCBuildConfiguration;
			baseConfigurationReference = F17A4E5F46EC349764F73446 /* Pods.release.xcconfig */;
			buildSettings = {
				ASSETCATALOG_COMPILER_APPICON_NAME = AppIcon;
				INFOPLIST_FILE = WIT/Info.plist;
				LD_RUNPATH_SEARCH_PATHS = "$(inherited) @executable_path/Frameworks";
				PRODUCT_BUNDLE_IDENTIFIER = nyc.c4q.vhart.WIT;
				PRODUCT_NAME = "$(TARGET_NAME)";
			};
			name = Release;
		};
		C7E92E661BE51F590097412F /* Debug */ = {
			isa = XCBuildConfiguration;
			buildSettings = {
				BUNDLE_LOADER = "$(TEST_HOST)";
				INFOPLIST_FILE = WITTests/Info.plist;
				LD_RUNPATH_SEARCH_PATHS = "$(inherited) @executable_path/Frameworks @loader_path/Frameworks";
				PRODUCT_BUNDLE_IDENTIFIER = nyc.c4q.vhart.WITTests;
				PRODUCT_NAME = "$(TARGET_NAME)";
				TEST_HOST = "$(BUILT_PRODUCTS_DIR)/WIT.app/WIT";
			};
			name = Debug;
		};
		C7E92E671BE51F590097412F /* Release */ = {
			isa = XCBuildConfiguration;
			buildSettings = {
				BUNDLE_LOADER = "$(TEST_HOST)";
				INFOPLIST_FILE = WITTests/Info.plist;
				LD_RUNPATH_SEARCH_PATHS = "$(inherited) @executable_path/Frameworks @loader_path/Frameworks";
				PRODUCT_BUNDLE_IDENTIFIER = nyc.c4q.vhart.WITTests;
				PRODUCT_NAME = "$(TARGET_NAME)";
				TEST_HOST = "$(BUILT_PRODUCTS_DIR)/WIT.app/WIT";
			};
			name = Release;
		};
		C7E92E691BE51F590097412F /* Debug */ = {
			isa = XCBuildConfiguration;
			buildSettings = {
				INFOPLIST_FILE = WITUITests/Info.plist;
				LD_RUNPATH_SEARCH_PATHS = "$(inherited) @executable_path/Frameworks @loader_path/Frameworks";
				PRODUCT_BUNDLE_IDENTIFIER = nyc.c4q.vhart.WITUITests;
				PRODUCT_NAME = "$(TARGET_NAME)";
				TEST_TARGET_NAME = WIT;
				USES_XCTRUNNER = YES;
			};
			name = Debug;
		};
		C7E92E6A1BE51F590097412F /* Release */ = {
			isa = XCBuildConfiguration;
			buildSettings = {
				INFOPLIST_FILE = WITUITests/Info.plist;
				LD_RUNPATH_SEARCH_PATHS = "$(inherited) @executable_path/Frameworks @loader_path/Frameworks";
				PRODUCT_BUNDLE_IDENTIFIER = nyc.c4q.vhart.WITUITests;
				PRODUCT_NAME = "$(TARGET_NAME)";
				TEST_TARGET_NAME = WIT;
				USES_XCTRUNNER = YES;
			};
			name = Release;
		};
/* End XCBuildConfiguration section */

/* Begin XCConfigurationList section */
		C7E92E2D1BE51F570097412F /* Build configuration list for PBXProject "WIT" */ = {
			isa = XCConfigurationList;
			buildConfigurations = (
				C7E92E601BE51F590097412F /* Debug */,
				C7E92E611BE51F590097412F /* Release */,
			);
			defaultConfigurationIsVisible = 0;
			defaultConfigurationName = Release;
		};
		C7E92E621BE51F590097412F /* Build configuration list for PBXNativeTarget "WIT" */ = {
			isa = XCConfigurationList;
			buildConfigurations = (
				C7E92E631BE51F590097412F /* Debug */,
				C7E92E641BE51F590097412F /* Release */,
			);
			defaultConfigurationIsVisible = 0;
			defaultConfigurationName = Release;
		};
		C7E92E651BE51F590097412F /* Build configuration list for PBXNativeTarget "WITTests" */ = {
			isa = XCConfigurationList;
			buildConfigurations = (
				C7E92E661BE51F590097412F /* Debug */,
				C7E92E671BE51F590097412F /* Release */,
			);
			defaultConfigurationIsVisible = 0;
			defaultConfigurationName = Release;
		};
		C7E92E681BE51F590097412F /* Build configuration list for PBXNativeTarget "WITUITests" */ = {
			isa = XCConfigurationList;
			buildConfigurations = (
				C7E92E691BE51F590097412F /* Debug */,
				C7E92E6A1BE51F590097412F /* Release */,
			);
			defaultConfigurationIsVisible = 0;
			defaultConfigurationName = Release;
		};
/* End XCConfigurationList section */

/* Begin XCVersionGroup section */
		C7E92E411BE51F580097412F /* WIT.xcdatamodeld */ = {
			isa = XCVersionGroup;
			children = (
				C7E92E421BE51F580097412F /* WIT.xcdatamodel */,
			);
			currentVersion = C7E92E421BE51F580097412F /* WIT.xcdatamodel */;
			path = WIT.xcdatamodeld;
			sourceTree = "<group>";
			versionGroupType = wrapper.xcdatamodel;
		};
/* End XCVersionGroup section */
	};
	rootObject = C7E92E2A1BE51F570097412F /* Project object */;
}
